
Microsoft Visual Studio Solution File, Format Version 12.00
# Visual Studio Version 17
VisualStudioVersion = 17.14.36705.20 d17.14
MinimumVisualStudioVersion = 10.0.40219.1
Project("{FAE04EC0-301F-11D3-BF4B-00C04F79EFBC}") = "MyMEDIA-MAUI", "MyMEDIA-Frontend\MyMEDIA-MAUI.csproj", "{10E01D92-34F9-44F5-B8CD-73BB7E898B70}"
EndProject
Project("{FAE04EC0-301F-11D3-BF4B-00C04F79EFBC}") = "MyMEDIA-Blazor", "MyMEDIA-Blazor\MyMEDIA-Blazor.csproj", "{0862A50B-FEC7-4CD4-A1CB-CAF58A6C28FE}"
EndProject
Project("{FAE04EC0-301F-11D3-BF4B-00C04F79EFBC}") = "RCLGeral", "RCLGeral\RCLGeral.csproj", "{8DB88CB9-FD57-4176-A270-188B117391C6}"
EndProject
Global
	GlobalSection(SolutionConfigurationPlatforms) = preSolution
		Debug|Any CPU = Debug|Any CPU
		Release|Any CPU = Release|Any CPU
	EndGlobalSection
	GlobalSection(ProjectConfigurationPlatforms) = postSolution
		{10E01D92-34F9-44F5-B8CD-73BB7E898B70}.Debug|Any CPU.ActiveCfg = Debug|Any CPU
		{10E01D92-34F9-44F5-B8CD-73BB7E898B70}.Debug|Any CPU.Build.0 = Debug|Any CPU
		{10E01D92-34F9-44F5-B8CD-73BB7E898B70}.Debug|Any CPU.Deploy.0 = Debug|Any CPU
		{10E01D92-34F9-44F5-B8CD-73BB7E898B70}.Release|Any CPU.ActiveCfg = Release|Any CPU
		{10E01D92-34F9-44F5-B8CD-73BB7E898B70}.Release|Any CPU.Build.0 = Release|Any CPU
		{10E01D92-34F9-44F5-B8CD-73BB7E898B70}.Release|Any CPU.Deploy.0 = Release|Any CPU
		{0862A50B-FEC7-4CD4-A1CB-CAF58A6C28FE}.Debug|Any CPU.ActiveCfg = Debug|Any CPU
		{0862A50B-FEC7-4CD4-A1CB-CAF58A6C28FE}.Debug|Any CPU.Build.0 = Debug|Any CPU
		{0862A50B-FEC7-4CD4-A1CB-CAF58A6C28FE}.Release|Any CPU.ActiveCfg = Release|Any CPU
		{0862A50B-FEC7-4CD4-A1CB-CAF58A6C28FE}.Release|Any CPU.Build.0 = Release|Any CPU
		{8DB88CB9-FD57-4176-A270-188B117391C6}.Debug|Any CPU.ActiveCfg = Debug|Any CPU
		{8DB88CB9-FD57-4176-A270-188B117391C6}.Debug|Any CPU.Build.0 = Debug|Any CPU
		{8DB88CB9-FD57-4176-A270-188B117391C6}.Release|Any CPU.ActiveCfg = Release|Any CPU
		{8DB88CB9-FD57-4176-A270-188B117391C6}.Release|Any CPU.Build.0 = Release|Any CPU
	EndGlobalSection
	GlobalSection(SolutionProperties) = preSolution
		HideSolutionNode = FALSE
	EndGlobalSection
	GlobalSection(ExtensibilityGlobals) = postSolution
		SolutionGuid = {0848E64C-A1D7-44AC-88F8-379CA1BC368A}
	EndGlobalSection
EndGlobal
